
Microsoft Visual Studio Solution File, Format Version 12.00
# Visual Studio Version 16
VisualStudioVersion = 16.0.30002.166
MinimumVisualStudioVersion = 10.0.40219.1
Project("{8BC9CEB8-8B4A-11D0-8D11-00A0C91BC942}") = "HW5", "HW5.vcxproj", "{3A33FDEF-3D0F-4DE1-AF60-42A3BC1AF665}"
EndProject
Global
	GlobalSection(SolutionConfigurationPlatforms) = preSolution
		Debug|x64 = Debug|x64
		Debug|x86 = Debug|x86
		Release|x64 = Release|x64
		Release|x86 = Release|x86
	EndGlobalSection
	GlobalSection(ProjectConfigurationPlatforms) = postSolution
		{3A33FDEF-3D0F-4DE1-AF60-42A3BC1AF665}.Debug|x64.ActiveCfg = Debug|x64
		{3A33FDEF-3D0F-4DE1-AF60-42A3BC1AF665}.Debug|x64.Build.0 = Debug|x64
		{3A33FDEF-3D0F-4DE1-AF60-42A3BC1AF665}.Debug|x86.ActiveCfg = Debug|Win32
		{3A33FDEF-3D0F-4DE1-AF60-42A3BC1AF665}.Debug|x86.Build.0 = Debug|Win32
		{3A33FDEF-3D0F-4DE1-AF60-42A3BC1AF665}.Release|x64.ActiveCfg = Release|x64
		{3A33FDEF-3D0F-4DE1-AF60-42A3BC1AF665}.Release|x64.Build.0 = Release|x64
		{3A33FDEF-3D0F-4DE1-AF60-42A3BC1AF665}.Release|x86.ActiveCfg = Release|Win32
		{3A33FDEF-3D0F-4DE1-AF60-42A3BC1AF665}.Release|x86.Build.0 = Release|Win32
	EndGlobalSection
	GlobalSection(SolutionProperties) = preSolution
		HideSolutionNode = FALSE
	EndGlobalSection
	GlobalSection(ExtensibilityGlobals) = postSolution
		SolutionGuid = {999EE69C-524F-46DF-B00B-3FE0B7A4A946}
	EndGlobalSection
EndGlobal
